{
  "name": "@apiglimpse/next",
  "version": "0.1.0",
  "lockfileVersion": 3,
  "requires": true,
  "packages": {
    "": {
      "name": "@apiglimpse/next",
      "version": "0.1.0",
      "license": "MIT",
      "dependencies": {
        "@apiglimpse/shared": "file:../shared"
      },
      "peerDependencies": {
        "next": ">=13.4"
      },
      "peerDependenciesMeta": {
        "next": {
          "optional": true
        }
      }
    },
    "../shared": {
      "name": "@apiglimpse/shared",
      "version": "0.1.0",
      "license": "MIT"
    },
    "node_modules/@apiglimpse/shared": {
      "resolved": "../shared",
      "link": true
    }
  }
}
