{
  "name": "@apiglimpse/gateway-proxy",
  "version": "0.1.0",
  "lockfileVersion": 3,
  "requires": true,
  "packages": {
    "": {
      "name": "@apiglimpse/gateway-proxy",
      "version": "0.1.0",
      "license": "MIT",
      "dependencies": {
        "@apiglimpse/shared": "file:../shared"
      },
      "bin": {
        "apiglimpse-gateway-proxy": "src/cli.js"
      },
      "engines": {
        "node": ">=18"
      }
    },
    "../shared": {
      "name": "@apiglimpse/shared",
      "version": "0.1.0",
      "license": "MIT"
    },
    "node_modules/@apiglimpse/shared": {
      "resolved": "../shared",
      "link": true
    }
  }
}
